
Microsoft Visual Studio Solution File, Format Version 12.00
# Visual Studio Version 16
VisualStudioVersion = 16.0.29324.140
MinimumVisualStudioVersion = 15.0.26124.0
Project("{9A19103F-16F7-4668-BE54-9A1E7A4F7556}") = "IotSample", "IotSample\IotSample.csproj", "{D10C4966-853C-4A12-B518-1D9CD592CC7C}"
EndProject
Project("{FAE04EC0-301F-11D3-BF4B-00C04F79EFBC}") = "BlinkLED", "BlinkLED\BlinkLED.csproj", "{842BB47D-0705-47F5-A844-9B2C2A6ECCDC}"
EndProject
Project("{9A19103F-16F7-4668-BE54-9A1E7A4F7556}") = "Pi.IO.Devices", "Pi.IO.Devices\Pi.IO.Devices.csproj", "{940E9988-3D5F-48D3-B92E-4E116ADE73C3}"
EndProject
Project("{9A19103F-16F7-4668-BE54-9A1E7A4F7556}") = "Pi", "Pi\Pi.csproj", "{8B57BEC8-F0CF-4E7C-A80D-05F337867397}"
EndProject
Global
	GlobalSection(SolutionConfigurationPlatforms) = preSolution
		Debug|Any CPU = Debug|Any CPU
		Debug|x64 = Debug|x64
		Debug|x86 = Debug|x86
		Release|Any CPU = Release|Any CPU
		Release|x64 = Release|x64
		Release|x86 = Release|x86
		Release-Stable|Any CPU = Release-Stable|Any CPU
		Release-Stable|x64 = Release-Stable|x64
		Release-Stable|x86 = Release-Stable|x86
	EndGlobalSection
	GlobalSection(ProjectConfigurationPlatforms) = postSolution
		{D10C4966-853C-4A12-B518-1D9CD592CC7C}.Debug|Any CPU.ActiveCfg = Debug|Any CPU
		{D10C4966-853C-4A12-B518-1D9CD592CC7C}.Debug|Any CPU.Build.0 = Debug|Any CPU
		{D10C4966-853C-4A12-B518-1D9CD592CC7C}.Debug|x64.ActiveCfg = Debug|Any CPU
		{D10C4966-853C-4A12-B518-1D9CD592CC7C}.Debug|x64.Build.0 = Debug|Any CPU
		{D10C4966-853C-4A12-B518-1D9CD592CC7C}.Debug|x86.ActiveCfg = Debug|Any CPU
		{D10C4966-853C-4A12-B518-1D9CD592CC7C}.Debug|x86.Build.0 = Debug|Any CPU
		{D10C4966-853C-4A12-B518-1D9CD592CC7C}.Release|Any CPU.ActiveCfg = Release|Any CPU
		{D10C4966-853C-4A12-B518-1D9CD592CC7C}.Release|Any CPU.Build.0 = Release|Any CPU
		{D10C4966-853C-4A12-B518-1D9CD592CC7C}.Release|x64.ActiveCfg = Release|Any CPU
		{D10C4966-853C-4A12-B518-1D9CD592CC7C}.Release|x64.Build.0 = Release|Any CPU
		{D10C4966-853C-4A12-B518-1D9CD592CC7C}.Release|x86.ActiveCfg = Release|Any CPU
		{D10C4966-853C-4A12-B518-1D9CD592CC7C}.Release|x86.Build.0 = Release|Any CPU
		{D10C4966-853C-4A12-B518-1D9CD592CC7C}.Release-Stable|Any CPU.ActiveCfg = Release|Any CPU
		{D10C4966-853C-4A12-B518-1D9CD592CC7C}.Release-Stable|x64.ActiveCfg = Release|Any CPU
		{D10C4966-853C-4A12-B518-1D9CD592CC7C}.Release-Stable|x86.ActiveCfg = Release|Any CPU
		{842BB47D-0705-47F5-A844-9B2C2A6ECCDC}.Debug|Any CPU.ActiveCfg = Debug|Any CPU
		{842BB47D-0705-47F5-A844-9B2C2A6ECCDC}.Debug|Any CPU.Build.0 = Debug|Any CPU
		{842BB47D-0705-47F5-A844-9B2C2A6ECCDC}.Debug|x64.ActiveCfg = Debug|Any CPU
		{842BB47D-0705-47F5-A844-9B2C2A6ECCDC}.Debug|x64.Build.0 = Debug|Any CPU
		{842BB47D-0705-47F5-A844-9B2C2A6ECCDC}.Debug|x86.ActiveCfg = Debug|Any CPU
		{842BB47D-0705-47F5-A844-9B2C2A6ECCDC}.Debug|x86.Build.0 = Debug|Any CPU
		{842BB47D-0705-47F5-A844-9B2C2A6ECCDC}.Release|Any CPU.ActiveCfg = Release|Any CPU
		{842BB47D-0705-47F5-A844-9B2C2A6ECCDC}.Release|Any CPU.Build.0 = Release|Any CPU
		{842BB47D-0705-47F5-A844-9B2C2A6ECCDC}.Release|x64.ActiveCfg = Release|Any CPU
		{842BB47D-0705-47F5-A844-9B2C2A6ECCDC}.Release|x64.Build.0 = Release|Any CPU
		{842BB47D-0705-47F5-A844-9B2C2A6ECCDC}.Release|x86.ActiveCfg = Release|Any CPU
		{842BB47D-0705-47F5-A844-9B2C2A6ECCDC}.Release|x86.Build.0 = Release|Any CPU
		{842BB47D-0705-47F5-A844-9B2C2A6ECCDC}.Release-Stable|Any CPU.ActiveCfg = Release|Any CPU
		{842BB47D-0705-47F5-A844-9B2C2A6ECCDC}.Release-Stable|x64.ActiveCfg = Release|Any CPU
		{842BB47D-0705-47F5-A844-9B2C2A6ECCDC}.Release-Stable|x86.ActiveCfg = Release|Any CPU
		{940E9988-3D5F-48D3-B92E-4E116ADE73C3}.Debug|Any CPU.ActiveCfg = Debug|Any CPU
		{940E9988-3D5F-48D3-B92E-4E116ADE73C3}.Debug|Any CPU.Build.0 = Debug|Any CPU
		{940E9988-3D5F-48D3-B92E-4E116ADE73C3}.Debug|x64.ActiveCfg = Debug|Any CPU
		{940E9988-3D5F-48D3-B92E-4E116ADE73C3}.Debug|x64.Build.0 = Debug|Any CPU
		{940E9988-3D5F-48D3-B92E-4E116ADE73C3}.Debug|x86.ActiveCfg = Debug|Any CPU
		{940E9988-3D5F-48D3-B92E-4E116ADE73C3}.Debug|x86.Build.0 = Debug|Any CPU
		{940E9988-3D5F-48D3-B92E-4E116ADE73C3}.Release|Any CPU.ActiveCfg = Release|Any CPU
		{940E9988-3D5F-48D3-B92E-4E116ADE73C3}.Release|Any CPU.Build.0 = Release|Any CPU
		{940E9988-3D5F-48D3-B92E-4E116ADE73C3}.Release|x64.ActiveCfg = Release|Any CPU
		{940E9988-3D5F-48D3-B92E-4E116ADE73C3}.Release|x64.Build.0 = Release|Any CPU
		{940E9988-3D5F-48D3-B92E-4E116ADE73C3}.Release|x86.ActiveCfg = Release|Any CPU
		{940E9988-3D5F-48D3-B92E-4E116ADE73C3}.Release|x86.Build.0 = Release|Any CPU
		{940E9988-3D5F-48D3-B92E-4E116ADE73C3}.Release-Stable|Any CPU.ActiveCfg = Release-Stable|Any CPU
		{940E9988-3D5F-48D3-B92E-4E116ADE73C3}.Release-Stable|Any CPU.Build.0 = Release-Stable|Any CPU
		{940E9988-3D5F-48D3-B92E-4E116ADE73C3}.Release-Stable|x64.ActiveCfg = Release-Stable|Any CPU
		{940E9988-3D5F-48D3-B92E-4E116ADE73C3}.Release-Stable|x64.Build.0 = Release-Stable|Any CPU
		{940E9988-3D5F-48D3-B92E-4E116ADE73C3}.Release-Stable|x86.ActiveCfg = Release-Stable|Any CPU
		{940E9988-3D5F-48D3-B92E-4E116ADE73C3}.Release-Stable|x86.Build.0 = Release-Stable|Any CPU
		{8B57BEC8-F0CF-4E7C-A80D-05F337867397}.Debug|Any CPU.ActiveCfg = Debug|Any CPU
		{8B57BEC8-F0CF-4E7C-A80D-05F337867397}.Debug|Any CPU.Build.0 = Debug|Any CPU
		{8B57BEC8-F0CF-4E7C-A80D-05F337867397}.Debug|x64.ActiveCfg = Debug|Any CPU
		{8B57BEC8-F0CF-4E7C-A80D-05F337867397}.Debug|x64.Build.0 = Debug|Any CPU
		{8B57BEC8-F0CF-4E7C-A80D-05F337867397}.Debug|x86.ActiveCfg = Debug|Any CPU
		{8B57BEC8-F0CF-4E7C-A80D-05F337867397}.Debug|x86.Build.0 = Debug|Any CPU
		{8B57BEC8-F0CF-4E7C-A80D-05F337867397}.Release|Any CPU.ActiveCfg = Release|Any CPU
		{8B57BEC8-F0CF-4E7C-A80D-05F337867397}.Release|Any CPU.Build.0 = Release|Any CPU
		{8B57BEC8-F0CF-4E7C-A80D-05F337867397}.Release|x64.ActiveCfg = Release|Any CPU
		{8B57BEC8-F0CF-4E7C-A80D-05F337867397}.Release|x64.Build.0 = Release|Any CPU
		{8B57BEC8-F0CF-4E7C-A80D-05F337867397}.Release|x86.ActiveCfg = Release|Any CPU
		{8B57BEC8-F0CF-4E7C-A80D-05F337867397}.Release|x86.Build.0 = Release|Any CPU
		{8B57BEC8-F0CF-4E7C-A80D-05F337867397}.Release-Stable|Any CPU.ActiveCfg = Release-Stable|Any CPU
		{8B57BEC8-F0CF-4E7C-A80D-05F337867397}.Release-Stable|Any CPU.Build.0 = Release-Stable|Any CPU
		{8B57BEC8-F0CF-4E7C-A80D-05F337867397}.Release-Stable|x64.ActiveCfg = Release-Stable|Any CPU
		{8B57BEC8-F0CF-4E7C-A80D-05F337867397}.Release-Stable|x64.Build.0 = Release-Stable|Any CPU
		{8B57BEC8-F0CF-4E7C-A80D-05F337867397}.Release-Stable|x86.ActiveCfg = Release-Stable|Any CPU
		{8B57BEC8-F0CF-4E7C-A80D-05F337867397}.Release-Stable|x86.Build.0 = Release-Stable|Any CPU
	EndGlobalSection
	GlobalSection(SolutionProperties) = preSolution
		HideSolutionNode = FALSE
	EndGlobalSection
	GlobalSection(ExtensibilityGlobals) = postSolution
		SolutionGuid = {96D4BED6-A287-45DA-8AD3-DD4E8BD2F8FD}
	EndGlobalSection
EndGlobal
